{
  "version": 4,
  "terraform_version": "1.0.0",
  "serial": 40,
  "lineage": "6c9c740c-fbfe-b364-0b1d-28234ce31576",
  "outputs": {},
  "resources": [
    {
      "mode": "managed",
      "type": "digitalocean_vpc",
      "name": "network",
      "provider": "provider[\"registry.terraform.io/digitalocean/digitalocean\"]",
      "instances": [
        {
          "schema_version": 0,
          "attributes": {
            "created_at": "2021-06-15 13:16:23 +0000 UTC",
            "default": false,
            "description": "",
            "id": "a7f9cb09-6a14-4b12-b69c-1b9492059527",
            "ip_range": "10.114.16.0/20",
            "name": "example-voting-app",
            "region": "fra1",
            "timeouts": null,
            "urn": "do:vpc:a7f9cb09-6a14-4b12-b69c-1b9492059527"
          },
          "sensitive_attributes": [],
          "private": "eyJlMmJmYjczMC1lY2FhLTExZTYtOGY4OC0zNDM2M2JjN2M0YzAiOnsiZGVsZXRlIjoxMjAwMDAwMDAwMDB9fQ=="
        }
      ]
    }
  ]
}
