{
  "version": 4,
  "terraform_version": "1.0.0",
  "serial": 30,
  "lineage": "6c9c740c-fbfe-b364-0b1d-28234ce31576",
  "outputs": {},
  "resources": [
    {
      "mode": "managed",
      "type": "digitalocean_database_cluster",
      "name": "pg_cluster",
      "provider": "provider[\"registry.terraform.io/digitalocean/digitalocean\"]",
      "instances": [
        {
          "schema_version": 0,
          "attributes": {
            "database": "defaultdb",
            "engine": "pg",
            "eviction_policy": null,
            "host": "example-voting-app-pg-do-user-8523815-0.b.db.ondigitalocean.com",
            "id": "c5bc9867-1c52-4cdd-ac84-ff705afea487",
            "maintenance_window": [],
            "name": "example-voting-app-pg",
            "node_count": 1,
            "password": "sap01ob5wa5c07sd",
            "port": 25060,
            "private_host": "private-example-voting-app-pg-do-user-8523815-0.b.db.ondigitalocean.com",
            "private_network_uuid": "a7f9cb09-6a14-4b12-b69c-1b9492059527",
            "private_uri": "postgresql://doadmin:sap01ob5wa5c07sd@private-example-voting-app-pg-do-user-8523815-0.b.db.ondigitalocean.com:25060/defaultdb?sslmode=require",
            "region": "fra1",
            "size": "db-s-1vcpu-1gb",
            "sql_mode": null,
            "tags": [],
            "uri": "postgresql://doadmin:sap01ob5wa5c07sd@example-voting-app-pg-do-user-8523815-0.b.db.ondigitalocean.com:25060/defaultdb?sslmode=require",
            "urn": "do:dbaas:c5bc9867-1c52-4cdd-ac84-ff705afea487",
            "user": "doadmin",
            "version": "11"
          },
          "sensitive_attributes": [],
          "private": "bnVsbA==",
          "dependencies": [
            "digitalocean_vpc.network"
          ]
        }
      ]
    },
    {
      "mode": "managed",
      "type": "digitalocean_database_db",
      "name": "pg_db",
      "provider": "provider[\"registry.terraform.io/digitalocean/digitalocean\"]",
      "instances": [
        {
          "schema_version": 0,
          "attributes": {
            "cluster_id": "c5bc9867-1c52-4cdd-ac84-ff705afea487",
            "id": "c5bc9867-1c52-4cdd-ac84-ff705afea487/database/example-voting-app",
            "name": "example-voting-app"
          },
          "sensitive_attributes": [],
          "private": "bnVsbA==",
          "dependencies": [
            "digitalocean_database_cluster.pg_cluster",
            "digitalocean_vpc.network"
          ]
        }
      ]
    },
    {
      "mode": "managed",
      "type": "digitalocean_database_firewall",
      "name": "fw",
      "provider": "provider[\"registry.terraform.io/digitalocean/digitalocean\"]",
      "instances": [
        {
          "schema_version": 0,
          "attributes": {
            "cluster_id": "c5bc9867-1c52-4cdd-ac84-ff705afea487",
            "id": "c5bc9867-1c52-4cdd-ac84-ff705afea487-20210615132256808200000001",
            "rule": [
              {
                "created_at": "2021-06-15T13:22:56Z",
                "type": "k8s",
                "uuid": "6571cce0-ec5c-49d0-a3f2-5ad24fccf2e6",
                "value": "9ca99999-904c-4704-9312-0d223044b99f"
              }
            ]
          },
          "sensitive_attributes": [],
          "private": "bnVsbA==",
          "dependencies": [
            "digitalocean_vpc.network",
            "digitalocean_database_cluster.pg_cluster",
            "digitalocean_kubernetes_cluster.cluster"
          ]
        }
      ]
    },
    {
      "mode": "managed",
      "type": "digitalocean_database_user",
      "name": "pg_user",
      "provider": "provider[\"registry.terraform.io/digitalocean/digitalocean\"]",
      "instances": [
        {
          "schema_version": 0,
          "attributes": {
            "cluster_id": "c5bc9867-1c52-4cdd-ac84-ff705afea487",
            "id": "c5bc9867-1c52-4cdd-ac84-ff705afea487/user/example-voting-app",
            "mysql_auth_plugin": null,
            "name": "example-voting-app",
            "password": "z4zqzq9aeour8qr8",
            "role": "normal"
          },
          "sensitive_attributes": [],
          "private": "bnVsbA==",
          "dependencies": [
            "digitalocean_database_cluster.pg_cluster",
            "digitalocean_vpc.network"
          ]
        }
      ]
    },
    {
      "mode": "managed",
      "type": "digitalocean_kubernetes_cluster",
      "name": "cluster",
      "provider": "provider[\"registry.terraform.io/digitalocean/digitalocean\"]",
      "instances": [
        {
          "schema_version": 3,
          "attributes": {
            "auto_upgrade": false,
            "cluster_subnet": "10.244.0.0/16",
            "created_at": "2021-06-15 13:16:25 +0000 UTC",
            "endpoint": "https://9ca99999-904c-4704-9312-0d223044b99f.k8s.ondigitalocean.com",
            "id": "9ca99999-904c-4704-9312-0d223044b99f",
            "ipv4_address": "178.128.194.188",
            "kube_config": [
              {
                "client_certificate": "",
                "client_key": "",
                "cluster_ca_certificate": "LS0tLS1CRUdJTiBDRVJUSUZJQ0FURS0tLS0tCk1JSURKekNDQWcrZ0F3SUJBZ0lDQm5Vd0RRWUpLb1pJaHZjTkFRRUxCUUF3TXpFVk1CTUdBMVVFQ2hNTVJHbG4KYVhSaGJFOWpaV0Z1TVJvd0dBWURWUVFERXhGck9ITmhZWE1nUTJ4MWMzUmxjaUJEUVRBZUZ3MHlNVEEyTVRVeApNekUyTWpaYUZ3MDBNVEEyTVRVeE16RTJNalphTURNeEZUQVRCZ05WQkFvVERFUnBaMmwwWVd4UFkyVmhiakVhCk1CZ0dBMVVFQXhNUmF6aHpZV0Z6SUVOc2RYTjBaWElnUTBFd2dnRWlNQTBHQ1NxR1NJYjNEUUVCQVFVQUE0SUIKRHdBd2dnRUtBb0lCQVFDOWQwTE5nZUs0Y25heXdhNTRTVzdKRmNOdEtQZHNZZC9NUjVxMWI4Qm9jSGpzUlJVUgpwMVNkNVpZUWlYRnVqN0x6OGM4QS8vMzh0ODlnTTBobHdQOUZTNjEzK0ZNRWVtbjI2c3pDZkFENzFKSVBrOEtxCnRaYnJMWWtIMCtVZU9Sa09QbkZjUjQ3VWZwQytnYjJFcElTRnVMdEpzM0NKWm84UDhuVzlZL0NKRDFPcXhTRmwKTlBhTnhNdGdPTFRtazVGY0FGSXlUNUpLZC9NTTE5Z3NXU3ZGQnp2UVpGZWU2RTBqTSs3OFZHMDd5bzF6WUNiUgpKZmVZNHlnZ0paaUxCQ2ZzbG1wQUJGT01oclRuMkh1NXdHRFlRZWpnWiticTBOd3hEejZXYVI4K1QvN1FEbGJzCm9DVzNiVllWZ2VXaEFuRDhmYy90NDdlMW5XNW5pOU54UGJOVEFnTUJBQUdqUlRCRE1BNEdBMVVkRHdFQi93UUUKQXdJQmhqQVNCZ05WSFJNQkFmOEVDREFHQVFIL0FnRUFNQjBHQTFVZERnUVdCQlFKUm83U2NnUkNtdkJaM2l2MwpMbUx1dDVteVZUQU5CZ2txaGtpRzl3MEJBUXNGQUFPQ0FRRUFSRG4rMDViR0k1LzMxL041SVNmNjY2Y1dTVkJOCnhsLzFyd3h1SlM4d2liQ005R2Q2NmpIdFdwVWN0dFhEaTF4Vy82SU50U1Q2Znp1T01FR2R0UzZwTHhYeUJoczIKZ25BVUIxUTlzTXI1YzJ3SDVBUDhLdGhZT3pIRUYxRnBacWdmOGdIN01qVlZIZjVRSk92NU1JWkdOQzg2b09ucgo0Y20wVnA4ei9YeUwvSExSV041Z2s5aXhyajZrT1NqdHJwZXNJcUhsay9tSHZ2S1YzR3NkYU80Rld6SVc5bkYvClhIU2NVdzc3N2djKzlTVEkyLzlIQ3Q0aG12RFlSanp4OXpmQW5YaElaU3RzanVza0EraGlsb0FVWG1hTHp1WUYKZjdnWHBML0JrS0NDVlpaWTRtajZNU1ZvaTU3eXJWaGhvRTJ0aUkwNWFHRE1aeDdtcExSVm5UeGtSdz09Ci0tLS0tRU5EIENFUlRJRklDQVRFLS0tLS0K",
                "expires_at": "2021-06-22T13:22:26Z",
                "host": "https://9ca99999-904c-4704-9312-0d223044b99f.k8s.ondigitalocean.com",
                "raw_config": "apiVersion: v1\nkind: Config\nclusters:\n- cluster:\n    certificate-authority-data: LS0tLS1CRUdJTiBDRVJUSUZJQ0FURS0tLS0tCk1JSURKekNDQWcrZ0F3SUJBZ0lDQm5Vd0RRWUpLb1pJaHZjTkFRRUxCUUF3TXpFVk1CTUdBMVVFQ2hNTVJHbG4KYVhSaGJFOWpaV0Z1TVJvd0dBWURWUVFERXhGck9ITmhZWE1nUTJ4MWMzUmxjaUJEUVRBZUZ3MHlNVEEyTVRVeApNekUyTWpaYUZ3MDBNVEEyTVRVeE16RTJNalphTURNeEZUQVRCZ05WQkFvVERFUnBaMmwwWVd4UFkyVmhiakVhCk1CZ0dBMVVFQXhNUmF6aHpZV0Z6SUVOc2RYTjBaWElnUTBFd2dnRWlNQTBHQ1NxR1NJYjNEUUVCQVFVQUE0SUIKRHdBd2dnRUtBb0lCQVFDOWQwTE5nZUs0Y25heXdhNTRTVzdKRmNOdEtQZHNZZC9NUjVxMWI4Qm9jSGpzUlJVUgpwMVNkNVpZUWlYRnVqN0x6OGM4QS8vMzh0ODlnTTBobHdQOUZTNjEzK0ZNRWVtbjI2c3pDZkFENzFKSVBrOEtxCnRaYnJMWWtIMCtVZU9Sa09QbkZjUjQ3VWZwQytnYjJFcElTRnVMdEpzM0NKWm84UDhuVzlZL0NKRDFPcXhTRmwKTlBhTnhNdGdPTFRtazVGY0FGSXlUNUpLZC9NTTE5Z3NXU3ZGQnp2UVpGZWU2RTBqTSs3OFZHMDd5bzF6WUNiUgpKZmVZNHlnZ0paaUxCQ2ZzbG1wQUJGT01oclRuMkh1NXdHRFlRZWpnWiticTBOd3hEejZXYVI4K1QvN1FEbGJzCm9DVzNiVllWZ2VXaEFuRDhmYy90NDdlMW5XNW5pOU54UGJOVEFnTUJBQUdqUlRCRE1BNEdBMVVkRHdFQi93UUUKQXdJQmhqQVNCZ05WSFJNQkFmOEVDREFHQVFIL0FnRUFNQjBHQTFVZERnUVdCQlFKUm83U2NnUkNtdkJaM2l2MwpMbUx1dDVteVZUQU5CZ2txaGtpRzl3MEJBUXNGQUFPQ0FRRUFSRG4rMDViR0k1LzMxL041SVNmNjY2Y1dTVkJOCnhsLzFyd3h1SlM4d2liQ005R2Q2NmpIdFdwVWN0dFhEaTF4Vy82SU50U1Q2Znp1T01FR2R0UzZwTHhYeUJoczIKZ25BVUIxUTlzTXI1YzJ3SDVBUDhLdGhZT3pIRUYxRnBacWdmOGdIN01qVlZIZjVRSk92NU1JWkdOQzg2b09ucgo0Y20wVnA4ei9YeUwvSExSV041Z2s5aXhyajZrT1NqdHJwZXNJcUhsay9tSHZ2S1YzR3NkYU80Rld6SVc5bkYvClhIU2NVdzc3N2djKzlTVEkyLzlIQ3Q0aG12RFlSanp4OXpmQW5YaElaU3RzanVza0EraGlsb0FVWG1hTHp1WUYKZjdnWHBML0JrS0NDVlpaWTRtajZNU1ZvaTU3eXJWaGhvRTJ0aUkwNWFHRE1aeDdtcExSVm5UeGtSdz09Ci0tLS0tRU5EIENFUlRJRklDQVRFLS0tLS0K\n    server: https://9ca99999-904c-4704-9312-0d223044b99f.k8s.ondigitalocean.com\n  name: do-fra1-example-voting-app\ncontexts:\n- context:\n    cluster: do-fra1-example-voting-app\n    user: do-fra1-example-voting-app-admin\n  name: do-fra1-example-voting-app\ncurrent-context: do-fra1-example-voting-app\nusers:\n- name: do-fra1-example-voting-app-admin\n  user:\n    token: 9b613efb5f85f2e1aad68c90ff40fddec8ec9b9a53669c59ecc0e29cb54f2da1\n",
                "token": "9b613efb5f85f2e1aad68c90ff40fddec8ec9b9a53669c59ecc0e29cb54f2da1"
              }
            ],
            "name": "example-voting-app",
            "node_pool": [
              {
                "actual_node_count": 3,
                "auto_scale": false,
                "id": "21d10277-1b0a-4c5a-b24b-8e1379cb1607",
                "labels": {},
                "max_nodes": 0,
                "min_nodes": 0,
                "name": "worker-pool",
                "node_count": 3,
                "nodes": [
                  {
                    "created_at": "2021-06-15 13:16:25 +0000 UTC",
                    "droplet_id": "250617585",
                    "id": "f01e4f22-eb64-4de1-bf8d-5a160b61c947",
                    "name": "worker-pool-8a047",
                    "status": "running",
                    "updated_at": "2021-06-15 13:19:39 +0000 UTC"
                  },
                  {
                    "created_at": "2021-06-15 13:16:25 +0000 UTC",
                    "droplet_id": "250617586",
                    "id": "78813baa-14c4-4ce2-817d-157317b51ea8",
                    "name": "worker-pool-8a04m",
                    "status": "running",
                    "updated_at": "2021-06-15 13:19:39 +0000 UTC"
                  },
                  {
                    "created_at": "2021-06-15 13:16:25 +0000 UTC",
                    "droplet_id": "250617587",
                    "id": "66dec62e-3d17-4565-a1d9-a624afa01876",
                    "name": "worker-pool-8a04q",
                    "status": "running",
                    "updated_at": "2021-06-15 13:19:39 +0000 UTC"
                  }
                ],
                "size": "s-2vcpu-2gb",
                "tags": [],
                "taint": []
              }
            ],
            "region": "fra1",
            "service_subnet": "10.245.0.0/16",
            "status": "running",
            "surge_upgrade": true,
            "tags": [],
            "updated_at": "2021-06-15 13:22:20 +0000 UTC",
            "urn": "do:kubernetes:9ca99999-904c-4704-9312-0d223044b99f",
            "version": "1.20.7-do.0",
            "vpc_uuid": "a7f9cb09-6a14-4b12-b69c-1b9492059527"
          },
          "sensitive_attributes": [],
          "private": "eyJzY2hlbWFfdmVyc2lvbiI6IjMifQ==",
          "dependencies": [
            "digitalocean_vpc.network"
          ]
        }
      ]
    },
    {
      "mode": "managed",
      "type": "digitalocean_vpc",
      "name": "network",
      "provider": "provider[\"registry.terraform.io/digitalocean/digitalocean\"]",
      "instances": [
        {
          "schema_version": 0,
          "attributes": {
            "created_at": "2021-06-15 13:16:23 +0000 UTC",
            "default": false,
            "description": "",
            "id": "a7f9cb09-6a14-4b12-b69c-1b9492059527",
            "ip_range": "10.114.16.0/20",
            "name": "example-voting-app",
            "region": "fra1",
            "timeouts": null,
            "urn": "do:vpc:a7f9cb09-6a14-4b12-b69c-1b9492059527"
          },
          "sensitive_attributes": [],
          "private": "eyJlMmJmYjczMC1lY2FhLTExZTYtOGY4OC0zNDM2M2JjN2M0YzAiOnsiZGVsZXRlIjoxMjAwMDAwMDAwMDB9fQ=="
        }
      ]
    }
  ]
}
