{
  "version": 4,
  "terraform_version": "1.0.0",
  "serial": 57,
  "lineage": "6c9c740c-fbfe-b364-0b1d-28234ce31576",
  "outputs": {},
  "resources": [
    {
      "mode": "managed",
      "type": "digitalocean_database_cluster",
      "name": "pg_cluster",
      "provider": "provider[\"registry.terraform.io/digitalocean/digitalocean\"]",
      "instances": [
        {
          "schema_version": 0,
          "attributes": {
            "database": "defaultdb",
            "engine": "pg",
            "eviction_policy": null,
            "host": "example-voting-app-pg-do-user-8523815-0.b.db.ondigitalocean.com",
            "id": "70ae41ad-42d5-4b2f-9e57-afb94b1ecfad",
            "maintenance_window": [],
            "name": "example-voting-app-pg",
            "node_count": 1,
            "password": "hyems3jegkskrfux",
            "port": 25060,
            "private_host": "private-example-voting-app-pg-do-user-8523815-0.b.db.ondigitalocean.com",
            "private_network_uuid": "d3365734-dd38-4ce7-9e39-b623d2ac670b",
            "private_uri": "postgresql://doadmin:hyems3jegkskrfux@private-example-voting-app-pg-do-user-8523815-0.b.db.ondigitalocean.com:25060/defaultdb?sslmode=require",
            "region": "fra1",
            "size": "db-s-1vcpu-1gb",
            "sql_mode": null,
            "tags": [],
            "uri": "postgresql://doadmin:hyems3jegkskrfux@example-voting-app-pg-do-user-8523815-0.b.db.ondigitalocean.com:25060/defaultdb?sslmode=require",
            "urn": "do:dbaas:70ae41ad-42d5-4b2f-9e57-afb94b1ecfad",
            "user": "doadmin",
            "version": "11"
          },
          "sensitive_attributes": [],
          "private": "bnVsbA==",
          "dependencies": [
            "digitalocean_vpc.network"
          ]
        }
      ]
    },
    {
      "mode": "managed",
      "type": "digitalocean_database_cluster",
      "name": "redis-example",
      "provider": "provider[\"registry.terraform.io/digitalocean/digitalocean\"]",
      "instances": [
        {
          "schema_version": 0,
          "attributes": {
            "database": "",
            "engine": "redis",
            "eviction_policy": null,
            "host": "example-voting-app-redis-do-user-8523815-0.b.db.ondigitalocean.com",
            "id": "d0834466-483f-4069-8e1a-da3f0b3076b8",
            "maintenance_window": [],
            "name": "example-voting-app-redis",
            "node_count": 1,
            "password": "tydokd48uv51d64y",
            "port": 25061,
            "private_host": "private-example-voting-app-redis-do-user-8523815-0.b.db.ondigitalocean.com",
            "private_network_uuid": "d3365734-dd38-4ce7-9e39-b623d2ac670b",
            "private_uri": "rediss://default:tydokd48uv51d64y@private-example-voting-app-redis-do-user-8523815-0.b.db.ondigitalocean.com:25061",
            "region": "fra1",
            "size": "db-s-1vcpu-1gb",
            "sql_mode": null,
            "tags": [],
            "uri": "rediss://default:tydokd48uv51d64y@example-voting-app-redis-do-user-8523815-0.b.db.ondigitalocean.com:25061",
            "urn": "do:dbaas:d0834466-483f-4069-8e1a-da3f0b3076b8",
            "user": "default",
            "version": "6"
          },
          "sensitive_attributes": [],
          "private": "bnVsbA==",
          "dependencies": [
            "digitalocean_vpc.network"
          ]
        }
      ]
    },
    {
      "mode": "managed",
      "type": "digitalocean_database_db",
      "name": "pg_db",
      "provider": "provider[\"registry.terraform.io/digitalocean/digitalocean\"]",
      "instances": [
        {
          "schema_version": 0,
          "attributes": {
            "cluster_id": "70ae41ad-42d5-4b2f-9e57-afb94b1ecfad",
            "id": "70ae41ad-42d5-4b2f-9e57-afb94b1ecfad/database/example-voting-app",
            "name": "example-voting-app"
          },
          "sensitive_attributes": [],
          "private": "bnVsbA==",
          "dependencies": [
            "digitalocean_vpc.network",
            "digitalocean_database_cluster.pg_cluster"
          ]
        }
      ]
    },
    {
      "mode": "managed",
      "type": "digitalocean_database_firewall",
      "name": "fw",
      "provider": "provider[\"registry.terraform.io/digitalocean/digitalocean\"]",
      "instances": [
        {
          "schema_version": 0,
          "attributes": {
            "cluster_id": "70ae41ad-42d5-4b2f-9e57-afb94b1ecfad",
            "id": "70ae41ad-42d5-4b2f-9e57-afb94b1ecfad-20210615192314579200000001",
            "rule": [
              {
                "created_at": "2021-06-15T19:23:14Z",
                "type": "k8s",
                "uuid": "5b6bc8f6-0cd3-4e1e-a01b-2dd5ccb4401a",
                "value": "cfd9c141-1763-4e0c-9659-8c89d72e17b2"
              }
            ]
          },
          "sensitive_attributes": [],
          "private": "bnVsbA==",
          "dependencies": [
            "digitalocean_database_cluster.pg_cluster",
            "digitalocean_kubernetes_cluster.cluster",
            "digitalocean_vpc.network"
          ]
        }
      ]
    },
    {
      "mode": "managed",
      "type": "digitalocean_database_firewall",
      "name": "fw_redis",
      "provider": "provider[\"registry.terraform.io/digitalocean/digitalocean\"]",
      "instances": [
        {
          "schema_version": 0,
          "attributes": {
            "cluster_id": "d0834466-483f-4069-8e1a-da3f0b3076b8",
            "id": "d0834466-483f-4069-8e1a-da3f0b3076b8-20210615192934652000000001",
            "rule": [
              {
                "created_at": "2021-06-15T19:29:34Z",
                "type": "k8s",
                "uuid": "413f7a74-a337-4658-b31c-e9281cc1705b",
                "value": "cfd9c141-1763-4e0c-9659-8c89d72e17b2"
              }
            ]
          },
          "sensitive_attributes": [],
          "private": "bnVsbA==",
          "dependencies": [
            "digitalocean_database_cluster.redis-example",
            "digitalocean_kubernetes_cluster.cluster"
          ]
        }
      ]
    },
    {
      "mode": "managed",
      "type": "digitalocean_database_user",
      "name": "pg_user",
      "provider": "provider[\"registry.terraform.io/digitalocean/digitalocean\"]",
      "instances": [
        {
          "schema_version": 0,
          "attributes": {
            "cluster_id": "70ae41ad-42d5-4b2f-9e57-afb94b1ecfad",
            "id": "70ae41ad-42d5-4b2f-9e57-afb94b1ecfad/user/example-voting-app",
            "mysql_auth_plugin": null,
            "name": "example-voting-app",
            "password": "y59pfg2fo63lmq10",
            "role": "normal"
          },
          "sensitive_attributes": [],
          "private": "bnVsbA==",
          "dependencies": [
            "digitalocean_database_cluster.pg_cluster",
            "digitalocean_vpc.network"
          ]
        }
      ]
    },
    {
      "mode": "managed",
      "type": "digitalocean_kubernetes_cluster",
      "name": "cluster",
      "provider": "provider[\"registry.terraform.io/digitalocean/digitalocean\"]",
      "instances": [
        {
          "schema_version": 3,
          "attributes": {
            "auto_upgrade": false,
            "cluster_subnet": "10.244.0.0/16",
            "created_at": "2021-06-15 19:17:41 +0000 UTC",
            "endpoint": "https://cfd9c141-1763-4e0c-9659-8c89d72e17b2.k8s.ondigitalocean.com",
            "id": "cfd9c141-1763-4e0c-9659-8c89d72e17b2",
            "ipv4_address": "104.248.138.13",
            "kube_config": [
              {
                "client_certificate": "",
                "client_key": "",
                "cluster_ca_certificate": "LS0tLS1CRUdJTiBDRVJUSUZJQ0FURS0tLS0tCk1JSURKekNDQWcrZ0F3SUJBZ0lDQm5Vd0RRWUpLb1pJaHZjTkFRRUxCUUF3TXpFVk1CTUdBMVVFQ2hNTVJHbG4KYVhSaGJFOWpaV0Z1TVJvd0dBWURWUVFERXhGck9ITmhZWE1nUTJ4MWMzUmxjaUJEUVRBZUZ3MHlNVEEyTVRVeApPVEUzTkRaYUZ3MDBNVEEyTVRVeE9URTNORFphTURNeEZUQVRCZ05WQkFvVERFUnBaMmwwWVd4UFkyVmhiakVhCk1CZ0dBMVVFQXhNUmF6aHpZV0Z6SUVOc2RYTjBaWElnUTBFd2dnRWlNQTBHQ1NxR1NJYjNEUUVCQVFVQUE0SUIKRHdBd2dnRUtBb0lCQVFETmNlM3RUa0FVSURFcEtkUjlaOUFMYjg2WEJGcU4zUS9qOVRhaUUwOUo1aUNsZTdkRQpBaFA0a0Zkc25UcU5xamlVUlpsV2VRaGxEamxGUGIrUEZXeTNpM2pkbVlmcHFrVjJMblFJY1FrOTdtZUJubGZTClJ3Um1aaHJWUVpOdVk5MTVuUXZHRFlXZU1XaStJemtWSlVjSTB2YmZTaTBuNmkxY2kzREVwVHpCVkpPVlBVNGQKWUVVenhOcUczTm5LbUozYnJTQis5Z3ZsREtMQzlvRTA2KzhjWUREeEQ5cEs1UlAvRVBudU00OStKcEV2cHE0UQoyMjVmMUdWSXNOOWhlc1dnQjlCRURaSVRxMWJwdGQySkNMcnNreDhRMWNIYjVBK3RNVEZnbGxobVdSM1g0MDBECkViME5kNm5TNmR1bldhUHIxS1RkZVZxT3lUQ09VOWlvb21scEFnTUJBQUdqUlRCRE1BNEdBMVVkRHdFQi93UUUKQXdJQmhqQVNCZ05WSFJNQkFmOEVDREFHQVFIL0FnRUFNQjBHQTFVZERnUVdCQlFCdkg2bVA1RHQ4Q3hhRENoWQo0azg4MEFZeDl6QU5CZ2txaGtpRzl3MEJBUXNGQUFPQ0FRRUF5U1J2Z0J3b0lUVkFGTi9TZ3J1dkp0RW5SYnArCjBmQmdJaTlTT1NZVmJmd0NYaUxZdFpiejJMTTFXalcyL2ZoTmlJNTNYZ054SjZsQUZkc3ZnSXhyVENPRkN0TTYKWkJzeHhHRjdZUnI5ejRvNnZjZU1MN1dBMU9nU2p3elpLN2M2c2x6emk3c3NmUEtXemp3cVpubklIUnh6WGQ5bQpKS0VBdFE5NU1yQzhWeVpYRmpuL3pRYWRDVkx5UUczV2JIdTEvaWNqVi9nQ3dvN3R2czhvSFhKdlZrZE9RVm9kCkUyY2RJU0g0am02RU5wZXA4Q3p6bXZyOE9FUEVwMnFvZk94Q1ZkMGJmcXgrcjIwc214aHVFQjVSODhBSzZKZk0KZDJ0aDRtU1pjSkEwbFVFZzBGWUlDdU96aGkrYWhZbGhDaHhiWEJIdHhzVytQUTYrbjlYM2QwbU5lUT09Ci0tLS0tRU5EIENFUlRJRklDQVRFLS0tLS0K",
                "expires_at": "2021-06-22T19:23:13Z",
                "host": "https://cfd9c141-1763-4e0c-9659-8c89d72e17b2.k8s.ondigitalocean.com",
                "raw_config": "apiVersion: v1\nkind: Config\nclusters:\n- cluster:\n    certificate-authority-data: LS0tLS1CRUdJTiBDRVJUSUZJQ0FURS0tLS0tCk1JSURKekNDQWcrZ0F3SUJBZ0lDQm5Vd0RRWUpLb1pJaHZjTkFRRUxCUUF3TXpFVk1CTUdBMVVFQ2hNTVJHbG4KYVhSaGJFOWpaV0Z1TVJvd0dBWURWUVFERXhGck9ITmhZWE1nUTJ4MWMzUmxjaUJEUVRBZUZ3MHlNVEEyTVRVeApPVEUzTkRaYUZ3MDBNVEEyTVRVeE9URTNORFphTURNeEZUQVRCZ05WQkFvVERFUnBaMmwwWVd4UFkyVmhiakVhCk1CZ0dBMVVFQXhNUmF6aHpZV0Z6SUVOc2RYTjBaWElnUTBFd2dnRWlNQTBHQ1NxR1NJYjNEUUVCQVFVQUE0SUIKRHdBd2dnRUtBb0lCQVFETmNlM3RUa0FVSURFcEtkUjlaOUFMYjg2WEJGcU4zUS9qOVRhaUUwOUo1aUNsZTdkRQpBaFA0a0Zkc25UcU5xamlVUlpsV2VRaGxEamxGUGIrUEZXeTNpM2pkbVlmcHFrVjJMblFJY1FrOTdtZUJubGZTClJ3Um1aaHJWUVpOdVk5MTVuUXZHRFlXZU1XaStJemtWSlVjSTB2YmZTaTBuNmkxY2kzREVwVHpCVkpPVlBVNGQKWUVVenhOcUczTm5LbUozYnJTQis5Z3ZsREtMQzlvRTA2KzhjWUREeEQ5cEs1UlAvRVBudU00OStKcEV2cHE0UQoyMjVmMUdWSXNOOWhlc1dnQjlCRURaSVRxMWJwdGQySkNMcnNreDhRMWNIYjVBK3RNVEZnbGxobVdSM1g0MDBECkViME5kNm5TNmR1bldhUHIxS1RkZVZxT3lUQ09VOWlvb21scEFnTUJBQUdqUlRCRE1BNEdBMVVkRHdFQi93UUUKQXdJQmhqQVNCZ05WSFJNQkFmOEVDREFHQVFIL0FnRUFNQjBHQTFVZERnUVdCQlFCdkg2bVA1RHQ4Q3hhRENoWQo0azg4MEFZeDl6QU5CZ2txaGtpRzl3MEJBUXNGQUFPQ0FRRUF5U1J2Z0J3b0lUVkFGTi9TZ3J1dkp0RW5SYnArCjBmQmdJaTlTT1NZVmJmd0NYaUxZdFpiejJMTTFXalcyL2ZoTmlJNTNYZ054SjZsQUZkc3ZnSXhyVENPRkN0TTYKWkJzeHhHRjdZUnI5ejRvNnZjZU1MN1dBMU9nU2p3elpLN2M2c2x6emk3c3NmUEtXemp3cVpubklIUnh6WGQ5bQpKS0VBdFE5NU1yQzhWeVpYRmpuL3pRYWRDVkx5UUczV2JIdTEvaWNqVi9nQ3dvN3R2czhvSFhKdlZrZE9RVm9kCkUyY2RJU0g0am02RU5wZXA4Q3p6bXZyOE9FUEVwMnFvZk94Q1ZkMGJmcXgrcjIwc214aHVFQjVSODhBSzZKZk0KZDJ0aDRtU1pjSkEwbFVFZzBGWUlDdU96aGkrYWhZbGhDaHhiWEJIdHhzVytQUTYrbjlYM2QwbU5lUT09Ci0tLS0tRU5EIENFUlRJRklDQVRFLS0tLS0K\n    server: https://cfd9c141-1763-4e0c-9659-8c89d72e17b2.k8s.ondigitalocean.com\n  name: do-fra1-example-voting-app\ncontexts:\n- context:\n    cluster: do-fra1-example-voting-app\n    user: do-fra1-example-voting-app-admin\n  name: do-fra1-example-voting-app\ncurrent-context: do-fra1-example-voting-app\nusers:\n- name: do-fra1-example-voting-app-admin\n  user:\n    token: 4c85da2ae81d2c5750a530654baa41f04dae8ee283b647fe15838e3d9bdee901\n",
                "token": "4c85da2ae81d2c5750a530654baa41f04dae8ee283b647fe15838e3d9bdee901"
              }
            ],
            "name": "example-voting-app",
            "node_pool": [
              {
                "actual_node_count": 3,
                "auto_scale": false,
                "id": "bcb75cb1-966c-4008-b663-77252355f82d",
                "labels": {},
                "max_nodes": 0,
                "min_nodes": 0,
                "name": "worker-pool",
                "node_count": 3,
                "nodes": [
                  {
                    "created_at": "2021-06-15 19:17:41 +0000 UTC",
                    "droplet_id": "250663212",
                    "id": "cbe9249f-dd1e-4807-b02c-47a139dff135",
                    "name": "worker-pool-8azjz",
                    "status": "running",
                    "updated_at": "2021-06-15 19:21:08 +0000 UTC"
                  },
                  {
                    "created_at": "2021-06-15 19:17:41 +0000 UTC",
                    "droplet_id": "250663214",
                    "id": "6fe28d5d-529d-42ea-bb75-177756dbde04",
                    "name": "worker-pool-8azj9",
                    "status": "running",
                    "updated_at": "2021-06-15 19:21:08 +0000 UTC"
                  },
                  {
                    "created_at": "2021-06-15 19:17:41 +0000 UTC",
                    "droplet_id": "250663213",
                    "id": "90e256e3-1a70-4621-9c77-22378958e5c6",
                    "name": "worker-pool-8azrn",
                    "status": "running",
                    "updated_at": "2021-06-15 19:21:08 +0000 UTC"
                  }
                ],
                "size": "s-2vcpu-2gb",
                "tags": [],
                "taint": []
              }
            ],
            "region": "fra1",
            "service_subnet": "10.245.0.0/16",
            "status": "running",
            "surge_upgrade": true,
            "tags": [],
            "updated_at": "2021-06-15 19:23:10 +0000 UTC",
            "urn": "do:kubernetes:cfd9c141-1763-4e0c-9659-8c89d72e17b2",
            "version": "1.20.7-do.0",
            "vpc_uuid": "d3365734-dd38-4ce7-9e39-b623d2ac670b"
          },
          "sensitive_attributes": [],
          "private": "eyJzY2hlbWFfdmVyc2lvbiI6IjMifQ==",
          "dependencies": [
            "digitalocean_vpc.network"
          ]
        }
      ]
    },
    {
      "mode": "managed",
      "type": "digitalocean_vpc",
      "name": "network",
      "provider": "provider[\"registry.terraform.io/digitalocean/digitalocean\"]",
      "instances": [
        {
          "schema_version": 0,
          "attributes": {
            "created_at": "2021-06-15 19:17:39 +0000 UTC",
            "default": false,
            "description": "",
            "id": "d3365734-dd38-4ce7-9e39-b623d2ac670b",
            "ip_range": "10.114.16.0/20",
            "name": "example-voting-app",
            "region": "fra1",
            "timeouts": null,
            "urn": "do:vpc:d3365734-dd38-4ce7-9e39-b623d2ac670b"
          },
          "sensitive_attributes": [],
          "private": "eyJlMmJmYjczMC1lY2FhLTExZTYtOGY4OC0zNDM2M2JjN2M0YzAiOnsiZGVsZXRlIjoxMjAwMDAwMDAwMDB9fQ=="
        }
      ]
    },
    {
      "mode": "managed",
      "type": "helm_release",
      "name": "traefik",
      "provider": "provider[\"registry.terraform.io/hashicorp/helm\"]",
      "instances": [
        {
          "schema_version": 0,
          "attributes": {
            "atomic": false,
            "chart": "traefik",
            "cleanup_on_fail": false,
            "create_namespace": false,
            "dependency_update": false,
            "description": null,
            "devel": null,
            "disable_crd_hooks": false,
            "disable_openapi_validation": false,
            "disable_webhooks": false,
            "force_update": false,
            "id": "traefik-ingress-controller",
            "keyring": null,
            "lint": false,
            "manifest": null,
            "max_history": 0,
            "metadata": [
              {
                "app_version": "2.4.8",
                "chart": "traefik",
                "name": "traefik-ingress-controller",
                "namespace": "kube-system",
                "revision": 1,
                "values": "{}",
                "version": "9.19.1"
              }
            ],
            "name": "traefik-ingress-controller",
            "namespace": "kube-system",
            "postrender": [],
            "recreate_pods": false,
            "render_subchart_notes": true,
            "replace": false,
            "repository": "https://helm.traefik.io/traefik",
            "repository_ca_file": null,
            "repository_cert_file": null,
            "repository_key_file": null,
            "repository_password": null,
            "repository_username": null,
            "reset_values": false,
            "reuse_values": false,
            "set": [],
            "set_sensitive": [],
            "skip_crds": false,
            "status": "deployed",
            "timeout": 300,
            "values": null,
            "verify": false,
            "version": "9.19.1",
            "wait": true,
            "wait_for_jobs": false
          },
          "sensitive_attributes": [],
          "private": "bnVsbA==",
          "dependencies": [
            "digitalocean_kubernetes_cluster.cluster"
          ]
        }
      ]
    }
  ]
}
